// !$*UTF8*$!
{
	archiveVersion = 1;
	classes = {
	};
	objectVersion = 55;
	objects = {

/* Begin PBXBuildFile section */
		FA5650EC2855220F00A9C3DE /* AppDelegate.swift in Sources */ = {isa = PBXBuildFile; fileRef = FA5650EB2855220F00A9C3DE /* AppDelegate.swift */; };
		FA5650EE2855220F00A9C3DE /* SceneDelegate.swift in Sources */ = {isa = PBXBuildFile; fileRef = FA5650ED2855220F00A9C3DE /* SceneDelegate.swift */; };
		FA5650F02855220F00A9C3DE /* ViewController.swift in Sources */ = {isa = PBXBuildFile; fileRef = FA5650EF2855220F00A9C3DE /* ViewController.swift */; };
		FA5650F32855220F00A9C3DE /* Main.storyboard in Resources */ = {isa = PBXBuildFile; fileRef = FA5650F12855220F00A9C3DE /* Main.storyboard */; };
		FA5650F52855221300A9C3DE /* Assets.xcassets in Resources */ = {isa = PBXBuildFile; fileRef = FA5650F42855221300A9C3DE /* Assets.xcassets */; };
		FA5650F82855221300A9C3DE /* LaunchScreen.storyboard in Resources */ = {isa = PBXBuildFile; fileRef = FA5650F62855221300A9C3DE /* LaunchScreen.storyboard */; };
		FA565100285527B400A9C3DE /* Petitions.swift in Sources */ = {isa = PBXBuildFile; fileRef = FA5650FF285527B400A9C3DE /* Petitions.swift */; };
		FA565102285527BE00A9C3DE /* Petition.swift in Sources */ = {isa = PBXBuildFile; fileRef = FA565101285527BE00A9C3DE /* Petition.swift */; };
		FA56510428552DA000A9C3DE /* DetailViewController.swift in Sources */ = {isa = PBXBuildFile; fileRef = FA56510328552DA000A9C3DE /* DetailViewController.swift */; };
		FA5651062855356E00A9C3DE /* FavTableViewController.swift in Sources */ = {isa = PBXBuildFile; fileRef = FA5651052855356E00A9C3DE /* FavTableViewController.swift */; };
/* End PBXBuildFile section */

/* Begin PBXFileReference section */
		FA5650E82855220F00A9C3DE /* WhitehousePetitions.app */ = {isa = PBXFileReference; explicitFileType = wrapper.application; includeInIndex = 0; path = WhitehousePetitions.app; sourceTree = BUILT_PRODUCTS_DIR; };
		FA5650EB2855220F00A9C3DE /* AppDelegate.swift */ = {isa = PBXFileReference; lastKnownFileType = sourcecode.swift; path = AppDelegate.swift; sourceTree = "<group>"; };
		FA5650ED2855220F00A9C3DE /* SceneDelegate.swift */ = {isa = PBXFileReference; lastKnownFileType = sourcecode.swift; path = SceneDelegate.swift; sourceTree = "<group>"; };
		FA5650EF2855220F00A9C3DE /* ViewController.swift */ = {isa = PBXFileReference; lastKnownFileType = sourcecode.swift; path = ViewController.swift; sourceTree = "<group>"; };
		FA5650F22855220F00A9C3DE /* Base */ = {isa = PBXFileReference; lastKnownFileType = file.storyboard; name = Base; path = Base.lproj/Main.storyboard; sourceTree = "<group>"; };
		FA5650F42855221300A9C3DE /* Assets.xcassets */ = {isa = PBXFileReference; lastKnownFileType = folder.assetcatalog; path = Assets.xcassets; sourceTree = "<group>"; };
		FA5650F72855221300A9C3DE /* Base */ = {isa = PBXFileReference; lastKnownFileType = file.storyboard; name = Base; path = Base.lproj/LaunchScreen.storyboard; sourceTree = "<group>"; };
		FA5650F92855221300A9C3DE /* Info.plist */ = {isa = PBXFileReference; lastKnownFileType = text.plist.xml; path = Info.plist; sourceTree = "<group>"; };
		FA5650FF285527B400A9C3DE /* Petitions.swift */ = {isa = PBXFileReference; fileEncoding = 4; lastKnownFileType = sourcecode.swift; path = Petitions.swift; sourceTree = "<group>"; };
		FA565101285527BE00A9C3DE /* Petition.swift */ = {isa = PBXFileReference; fileEncoding = 4; lastKnownFileType = sourcecode.swift; path = Petition.swift; sourceTree = "<group>"; };
		FA56510328552DA000A9C3DE /* DetailViewController.swift */ = {isa = PBXFileReference; fileEncoding = 4; lastKnownFileType = sourcecode.swift; path = DetailViewController.swift; sourceTree = "<group>"; };
		FA5651052855356E00A9C3DE /* FavTableViewController.swift */ = {isa = PBXFileReference; lastKnownFileType = sourcecode.swift; path = FavTableViewController.swift; sourceTree = "<group>"; };
/* End PBXFileReference section */

/* Begin PBXFrameworksBuildPhase section */
		FA5650E52855220F00A9C3DE /* Frameworks */ = {
			isa = PBXFrameworksBuildPhase;
			buildActionMask = 2147483647;
			files = (
			);
			runOnlyForDeploymentPostprocessing = 0;
		};
/* End PBXFrameworksBuildPhase section */

/* Begin PBXGroup section */
		FA5650DF2855220F00A9C3DE = {
			isa = PBXGroup;
			children = (
				FA5650EA2855220F00A9C3DE /* WhitehousePetitions */,
				FA5650E92855220F00A9C3DE /* Products */,
			);
			sourceTree = "<group>";
		};
		FA5650E92855220F00A9C3DE /* Products */ = {
			isa = PBXGroup;
			children = (
				FA5650E82855220F00A9C3DE /* WhitehousePetitions.app */,
			);
			name = Products;
			sourceTree = "<group>";
		};
		FA5650EA2855220F00A9C3DE /* WhitehousePetitions */ = {
			isa = PBXGroup;
			children = (
				FA5650EB2855220F00A9C3DE /* AppDelegate.swift */,
				FA5650ED2855220F00A9C3DE /* SceneDelegate.swift */,
				FA5650EF2855220F00A9C3DE /* ViewController.swift */,
				FA5651052855356E00A9C3DE /* FavTableViewController.swift */,
				FA56510328552DA000A9C3DE /* DetailViewController.swift */,
				FA565101285527BE00A9C3DE /* Petition.swift */,
				FA5650FF285527B400A9C3DE /* Petitions.swift */,
				FA5650F12855220F00A9C3DE /* Main.storyboard */,
				FA5650F42855221300A9C3DE /* Assets.xcassets */,
				FA5650F62855221300A9C3DE /* LaunchScreen.storyboard */,
				FA5650F92855221300A9C3DE /* Info.plist */,
			);
			path = WhitehousePetitions;
			sourceTree = "<group>";
		};
/* End PBXGroup section */

/* Begin PBXNativeTarget section */
		FA5650E72855220F00A9C3DE /* WhitehousePetitions */ = {
			isa = PBXNativeTarget;
			buildConfigurationList = FA5650FC2855221300A9C3DE /* Build configuration list for PBXNativeTarget "WhitehousePetitions" */;
			buildPhases = (
				FA5650E42855220F00A9C3DE /* Sources */,
				FA5650E52855220F00A9C3DE /* Frameworks */,
				FA5650E62855220F00A9C3DE /* Resources */,
			);
			buildRules = (
			);
			dependencies = (
			);
			name = WhitehousePetitions;
			productName = WhitehousePetitions;
			productReference = FA5650E82855220F00A9C3DE /* WhitehousePetitions.app */;
			productType = "com.apple.product-type.application";
		};
/* End PBXNativeTarget section */

/* Begin PBXProject section */
		FA5650E02855220F00A9C3DE /* Project object */ = {
			isa = PBXProject;
			attributes = {
				BuildIndependentTargetsInParallel = 1;
				LastSwiftUpdateCheck = 1330;
				LastUpgradeCheck = 1330;
				TargetAttributes = {
					FA5650E72855220F00A9C3DE = {
						CreatedOnToolsVersion = 13.3;
					};
				};
			};
			buildConfigurationList = FA5650E32855220F00A9C3DE /* Build configuration list for PBXProject "WhitehousePetitions" */;
			compatibilityVersion = "Xcode 13.0";
			developmentRegion = en;
			hasScannedForEncodings = 0;
			knownRegions = (
				en,
				Base,
			);
			mainGroup = FA5650DF2855220F00A9C3DE;
			productRefGroup = FA5650E92855220F00A9C3DE /* Products */;
			projectDirPath = "";
			projectRoot = "";
			targets = (
				FA5650E72855220F00A9C3DE /* WhitehousePetitions */,
			);
		};
/* End PBXProject section */

/* Begin PBXResourcesBuildPhase section */
		FA5650E62855220F00A9C3DE /* Resources */ = {
			isa = PBXResourcesBuildPhase;
			buildActionMask = 2147483647;
			files = (
				FA5650F82855221300A9C3DE /* LaunchScreen.storyboard in Resources */,
				FA5650F52855221300A9C3DE /* Assets.xcassets in Resources */,
				FA5650F32855220F00A9C3DE /* Main.storyboard in Resources */,
			);
			runOnlyForDeploymentPostprocessing = 0;
		};
/* End PBXResourcesBuildPhase section */

/* Begin PBXSourcesBuildPhase section */
		FA5650E42855220F00A9C3DE /* Sources */ = {
			isa = PBXSourcesBuildPhase;
			buildActionMask = 2147483647;
			files = (
				FA565102285527BE00A9C3DE /* Petition.swift in Sources */,
				FA5650F02855220F00A9C3DE /* ViewController.swift in Sources */,
				FA5651062855356E00A9C3DE /* FavTableViewController.swift in Sources */,
				FA565100285527B400A9C3DE /* Petitions.swift in Sources */,
				FA56510428552DA000A9C3DE /* DetailViewController.swift in Sources */,
				FA5650EC2855220F00A9C3DE /* AppDelegate.swift in Sources */,
				FA5650EE2855220F00A9C3DE /* SceneDelegate.swift in Sources */,
			);
			runOnlyForDeploymentPostprocessing = 0;
		};
/* End PBXSourcesBuildPhase section */

/* Begin PBXVariantGroup section */
		FA5650F12855220F00A9C3DE /* Main.storyboard */ = {
			isa = PBXVariantGroup;
			children = (
				FA5650F22855220F00A9C3DE /* Base */,
			);
			name = Main.storyboard;
			sourceTree = "<group>";
		};
		FA5650F62855221300A9C3DE /* LaunchScreen.storyboard */ = {
			isa = PBXVariantGroup;
			children = (
				FA5650F72855221300A9C3DE /* Base */,
			);
			name = LaunchScreen.storyboard;
			sourceTree = "<group>";
		};
/* End PBXVariantGroup section */

/* Begin XCBuildConfiguration section */
		FA5650FA2855221300A9C3DE /* Debug */ = {
			isa = XCBuildConfiguration;
			buildSettings = {
				ALWAYS_SEARCH_USER_PATHS = NO;
				CLANG_ANALYZER_NONNULL = YES;
				CLANG_ANALYZER_NUMBER_OBJECT_CONVERSION = YES_AGGRESSIVE;
				CLANG_CXX_LANGUAGE_STANDARD = "gnu++17";
				CLANG_ENABLE_MODULES = YES;
				CLANG_ENABLE_OBJC_ARC = YES;
				CLANG_ENABLE_OBJC_WEAK = YES;
				CLANG_WARN_BLOCK_CAPTURE_AUTORELEASING = YES;
				CLANG_WARN_BOOL_CONVERSION = YES;
				CLANG_WARN_COMMA = YES;
				CLANG_WARN_CONSTANT_CONVERSION = YES;
				CLANG_WARN_DEPRECATED_OBJC_IMPLEMENTATIONS = YES;
				CLANG_WARN_DIRECT_OBJC_ISA_USAGE = YES_ERROR;
				CLANG_WARN_DOCUMENTATION_COMMENTS = YES;
				CLANG_WARN_EMPTY_BODY = YES;
				CLANG_WARN_ENUM_CONVERSION = YES;
				CLANG_WARN_INFINITE_RECURSION = YES;
				CLANG_WARN_INT_CONVERSION = YES;
				CLANG_WARN_NON_LITERAL_NULL_CONVERSION = YES;
				CLANG_WARN_OBJC_IMPLICIT_RETAIN_SELF = YES;
				CLANG_WARN_OBJC_LITERAL_CONVERSION = YES;
				CLANG_WARN_OBJC_ROOT_CLASS = YES_ERROR;
				CLANG_WARN_QUOTED_INCLUDE_IN_FRAMEWORK_HEADER = YES;
				CLANG_WARN_RANGE_LOOP_ANALYSIS = YES;
				CLANG_WARN_STRICT_PROTOTYPES = YES;
				CLANG_WARN_SUSPICIOUS_MOVE = YES;
				CLANG_WARN_UNGUARDED_AVAILABILITY = YES_AGGRESSIVE;
				CLANG_WARN_UNREACHABLE_CODE = YES;
				CLANG_WARN__DUPLICATE_METHOD_MATCH = YES;
				COPY_PHASE_STRIP = NO;
				DEBUG_INFORMATION_FORMAT = dwarf;
				ENABLE_STRICT_OBJC_MSGSEND = YES;
				ENABLE_TESTABILITY = YES;
				GCC_C_LANGUAGE_STANDARD = gnu11;
				GCC_DYNAMIC_NO_PIC = NO;
				GCC_NO_COMMON_BLOCKS = YES;
				GCC_OPTIMIZATION_LEVEL = 0;
				GCC_PREPROCESSOR_DEFINITIONS = (
					"DEBUG=1",
					"$(inherited)",
				);
				GCC_WARN_64_TO_32_BIT_CONVERSION = YES;
				GCC_WARN_ABOUT_RETURN_TYPE = YES_ERROR;
				GCC_WARN_UNDECLARED_SELECTOR = YES;
				GCC_WARN_UNINITIALIZED_AUTOS = YES_AGGRESSIVE;
				GCC_WARN_UNUSED_FUNCTION = YES;
				GCC_WARN_UNUSED_VARIABLE = YES;
				IPHONEOS_DEPLOYMENT_TARGET = 15.4;
				MTL_ENABLE_DEBUG_INFO = INCLUDE_SOURCE;
				MTL_FAST_MATH = YES;
				ONLY_ACTIVE_ARCH = YES;
				SDKROOT = iphoneos;
				SWIFT_ACTIVE_COMPILATION_CONDITIONS = DEBUG;
				SWIFT_OPTIMIZATION_LEVEL = "-Onone";
			};
			name = Debug;
		};
		FA5650FB2855221300A9C3DE /* Release */ = {
			isa = XCBuildConfiguration;
			buildSettings = {
				ALWAYS_SEARCH_USER_PATHS = NO;
				CLANG_ANALYZER_NONNULL = YES;
				CLANG_ANALYZER_NUMBER_OBJECT_CONVERSION = YES_AGGRESSIVE;
				CLANG_CXX_LANGUAGE_STANDARD = "gnu++17";
				CLANG_ENABLE_MODULES = YES;
				CLANG_ENABLE_OBJC_ARC = YES;
				CLANG_ENABLE_OBJC_WEAK = YES;
				CLANG_WARN_BLOCK_CAPTURE_AUTORELEASING = YES;
				CLANG_WARN_BOOL_CONVERSION = YES;
				CLANG_WARN_COMMA = YES;
				CLANG_WARN_CONSTANT_CONVERSION = YES;
				CLANG_WARN_DEPRECATED_OBJC_IMPLEMENTATIONS = YES;
				CLANG_WARN_DIRECT_OBJC_ISA_USAGE = YES_ERROR;
				CLANG_WARN_DOCUMENTATION_COMMENTS = YES;
				CLANG_WARN_EMPTY_BODY = YES;
				CLANG_WARN_ENUM_CONVERSION = YES;
				CLANG_WARN_INFINITE_RECURSION = YES;
				CLANG_WARN_INT_CONVERSION = YES;
				CLANG_WARN_NON_LITERAL_NULL_CONVERSION = YES;
				CLANG_WARN_OBJC_IMPLICIT_RETAIN_SELF = YES;
				CLANG_WARN_OBJC_LITERAL_CONVERSION = YES;
				CLANG_WARN_OBJC_ROOT_CLASS = YES_ERROR;
				CLANG_WARN_QUOTED_INCLUDE_IN_FRAMEWORK_HEADER = YES;
				CLANG_WARN_RANGE_LOOP_ANALYSIS = YES;
				CLANG_WARN_STRICT_PROTOTYPES = YES;
				CLANG_WARN_SUSPICIOUS_MOVE = YES;
				CLANG_WARN_UNGUARDED_AVAILABILITY = YES_AGGRESSIVE;
				CLANG_WARN_UNREACHABLE_CODE = YES;
				CLANG_WARN__DUPLICATE_METHOD_MATCH = YES;
				COPY_PHASE_STRIP = NO;
				DEBUG_INFORMATION_FORMAT = "dwarf-with-dsym";
				ENABLE_NS_ASSERTIONS = NO;
				ENABLE_STRICT_OBJC_MSGSEND = YES;
				GCC_C_LANGUAGE_STANDARD = gnu11;
				GCC_NO_COMMON_BLOCKS = YES;
				GCC_WARN_64_TO_32_BIT_CONVERSION = YES;
				GCC_WARN_ABOUT_RETURN_TYPE = YES_ERROR;
				GCC_WARN_UNDECLARED_SELECTOR = YES;
				GCC_WARN_UNINITIALIZED_AUTOS = YES_AGGRESSIVE;
				GCC_WARN_UNUSED_FUNCTION = YES;
				GCC_WARN_UNUSED_VARIABLE = YES;
				IPHONEOS_DEPLOYMENT_TARGET = 15.4;
				MTL_ENABLE_DEBUG_INFO = NO;
				MTL_FAST_MATH = YES;
				SDKROOT = iphoneos;
				SWIFT_COMPILATION_MODE = wholemodule;
				SWIFT_OPTIMIZATION_LEVEL = "-O";
				VALIDATE_PRODUCT = YES;
			};
			name = Release;
		};
		FA5650FD2855221300A9C3DE /* Debug */ = {
			isa = XCBuildConfiguration;
			buildSettings = {
				ASSETCATALOG_COMPILER_APPICON_NAME = AppIcon;
				ASSETCATALOG_COMPILER_GLOBAL_ACCENT_COLOR_NAME = AccentColor;
				CODE_SIGN_STYLE = Automatic;
				CURRENT_PROJECT_VERSION = 1;
				GENERATE_INFOPLIST_FILE = YES;
				INFOPLIST_FILE = WhitehousePetitions/Info.plist;
				INFOPLIST_KEY_UIApplicationSupportsIndirectInputEvents = YES;
				INFOPLIST_KEY_UILaunchStoryboardName = LaunchScreen;
				INFOPLIST_KEY_UIMainStoryboardFile = Main;
				INFOPLIST_KEY_UISupportedInterfaceOrientations_iPad = "UIInterfaceOrientationPortrait UIInterfaceOrientationPortraitUpsideDown UIInterfaceOrientationLandscapeLeft UIInterfaceOrientationLandscapeRight";
				INFOPLIST_KEY_UISupportedInterfaceOrientations_iPhone = "UIInterfaceOrientationPortrait UIInterfaceOrientationLandscapeLeft UIInterfaceOrientationLandscapeRight";
				LD_RUNPATH_SEARCH_PATHS = (
					"$(inherited)",
					"@executable_path/Frameworks",
				);
				MARKETING_VERSION = 1.0;
				PRODUCT_BUNDLE_IDENTIFIER = MMT.WhitehousePetitions;
				PRODUCT_NAME = "$(TARGET_NAME)";
				SWIFT_EMIT_LOC_STRINGS = YES;
				SWIFT_VERSION = 5.0;
				TARGETED_DEVICE_FAMILY = "1,2";
			};
			name = Debug;
		};
		FA5650FE2855221300A9C3DE /* Release */ = {
			isa = XCBuildConfiguration;
			buildSettings = {
				ASSETCATALOG_COMPILER_APPICON_NAME = AppIcon;
				ASSETCATALOG_COMPILER_GLOBAL_ACCENT_COLOR_NAME = AccentColor;
				CODE_SIGN_STYLE = Automatic;
				CURRENT_PROJECT_VERSION = 1;
				GENERATE_INFOPLIST_FILE = YES;
				INFOPLIST_FILE = WhitehousePetitions/Info.plist;
				INFOPLIST_KEY_UIApplicationSupportsIndirectInputEvents = YES;
				INFOPLIST_KEY_UILaunchStoryboardName = LaunchScreen;
				INFOPLIST_KEY_UIMainStoryboardFile = Main;
				INFOPLIST_KEY_UISupportedInterfaceOrientations_iPad = "UIInterfaceOrientationPortrait UIInterfaceOrientationPortraitUpsideDown UIInterfaceOrientationLandscapeLeft UIInterfaceOrientationLandscapeRight";
				INFOPLIST_KEY_UISupportedInterfaceOrientations_iPhone = "UIInterfaceOrientationPortrait UIInterfaceOrientationLandscapeLeft UIInterfaceOrientationLandscapeRight";
				LD_RUNPATH_SEARCH_PATHS = (
					"$(inherited)",
					"@executable_path/Frameworks",
				);
				MARKETING_VERSION = 1.0;
				PRODUCT_BUNDLE_IDENTIFIER = MMT.WhitehousePetitions;
				PRODUCT_NAME = "$(TARGET_NAME)";
				SWIFT_EMIT_LOC_STRINGS = YES;
				SWIFT_VERSION = 5.0;
				TARGETED_DEVICE_FAMILY = "1,2";
			};
			name = Release;
		};
/* End XCBuildConfiguration section */

/* Begin XCConfigurationList section */
		FA5650E32855220F00A9C3DE /* Build configuration list for PBXProject "WhitehousePetitions" */ = {
			isa = XCConfigurationList;
			buildConfigurations = (
				FA5650FA2855221300A9C3DE /* Debug */,
				FA5650FB2855221300A9C3DE /* Release */,
			);
			defaultConfigurationIsVisible = 0;
			defaultConfigurationName = Release;
		};
		FA5650FC2855221300A9C3DE /* Build configuration list for PBXNativeTarget "WhitehousePetitions" */ = {
			isa = XCConfigurationList;
			buildConfigurations = (
				FA5650FD2855221300A9C3DE /* Debug */,
				FA5650FE2855221300A9C3DE /* Release */,
			);
			defaultConfigurationIsVisible = 0;
			defaultConfigurationName = Release;
		};
/* End XCConfigurationList section */
	};
	rootObject = FA5650E02855220F00A9C3DE /* Project object */;
}
